
Microsoft Visual Studio Solution File, Format Version 12.00
# Visual Studio Version 17
VisualStudioVersion = 17.6.33723.286
MinimumVisualStudioVersion = 10.0.40219.1
Project("{FAE04EC0-301F-11D3-BF4B-00C04F79EFBC}") = "Winimg", "Winimg\Winimg.csproj", "{C0E4F850-65D2-400E-8BCB-A6F5C6316E8D}"
EndProject
Global
	GlobalSection(SolutionConfigurationPlatforms) = preSolution
		Debug|Any CPU = Debug|Any CPU
		Release|Any CPU = Release|Any CPU
	EndGlobalSection
	GlobalSection(ProjectConfigurationPlatforms) = postSolution
		{C0E4F850-65D2-400E-8BCB-A6F5C6316E8D}.Debug|Any CPU.ActiveCfg = Debug|Any CPU
		{C0E4F850-65D2-400E-8BCB-A6F5C6316E8D}.Debug|Any CPU.Build.0 = Debug|Any CPU
		{C0E4F850-65D2-400E-8BCB-A6F5C6316E8D}.Release|Any CPU.ActiveCfg = Release|Any CPU
		{C0E4F850-65D2-400E-8BCB-A6F5C6316E8D}.Release|Any CPU.Build.0 = Release|Any CPU
	EndGlobalSection
	GlobalSection(SolutionProperties) = preSolution
		HideSolutionNode = FALSE
	EndGlobalSection
	GlobalSection(ExtensibilityGlobals) = postSolution
		SolutionGuid = {4AE825B9-AFAE-46C3-A1CF-D17AF81CAD74}
	EndGlobalSection
EndGlobal
